lockfileVersion: '6.0'

settings:
  autoInstallPeers: true
  excludeLinksFromLockfile: false

dependencies:
  element-ui:
    specifier: ^2.15.10
    version: 2.15.14(vue@2.7.16)

packages:

  /@babel/helper-string-parser@7.23.4:
    resolution: {integrity: sha512-803gmbQdqwdf4olxrX4AJyFBV/RTr3rSmOj0rKwesmzlfhYNDEs+/iOcznzpNWlJlIlTJC2QfPFcHB6DlzdVLQ==, tarball: https://registry.npmmirror.com/@babel/helper-string-parser/-/helper-string-parser-7.23.4.tgz}
    engines: {node: '>=6.9.0'}
    dev: false

  /@babel/helper-validator-identifier@7.22.20:
    resolution: {integrity: sha512-Y4OZ+ytlatR8AI+8KZfKuL5urKp7qey08ha31L8b3BwewJAoJamTzyvxPR/5D+KkdJCGPq/+8TukHBlY10FX9A==, tarball: https://registry.npmmirror.com/@babel/helper-validator-identifier/-/helper-validator-identifier-7.22.20.tgz}
    engines: {node: '>=6.9.0'}
    dev: false

  /@babel/parser@7.23.9:
    resolution: {integrity: sha512-9tcKgqKbs3xGJ+NtKF2ndOBBLVwPjl1SHxPQkd36r3Dlirw3xWUeGaTbqr7uGZcTaxkVNwc+03SVP7aCdWrTlA==, tarball: https://registry.npmmirror.com/@babel/parser/-/parser-7.23.9.tgz}
    engines: {node: '>=6.0.0'}
    hasBin: true
    dependencies:
      '@babel/types': 7.23.9
    dev: false

  /@babel/types@7.23.9:
    resolution: {integrity: sha512-dQjSq/7HaSjRM43FFGnv5keM2HsxpmyV1PfaSVm0nzzjwwTmjOe6J4bC8e3+pTEIgHaHj+1ZlLThRJ2auc/w1Q==, tarball: https://registry.npmmirror.com/@babel/types/-/types-7.23.9.tgz}
    engines: {node: '>=6.9.0'}
    dependencies:
      '@babel/helper-string-parser': 7.23.4
      '@babel/helper-validator-identifier': 7.22.20
      to-fast-properties: 2.0.0
    dev: false

  /@vue/compiler-sfc@2.7.16:
    resolution: {integrity: sha512-KWhJ9k5nXuNtygPU7+t1rX6baZeqOYLEforUPjgNDBnLicfHCoi48H87Q8XyLZOrNNsmhuwKqtpDQWjEFe6Ekg==, tarball: https://registry.npmmirror.com/@vue/compiler-sfc/-/compiler-sfc-2.7.16.tgz}
    dependencies:
      '@babel/parser': 7.23.9
      postcss: 8.4.33
      source-map: 0.6.1
    optionalDependencies:
      prettier: 2.8.8
    dev: false

  /async-validator@1.8.5:
    resolution: {integrity: sha512-tXBM+1m056MAX0E8TL2iCjg8WvSyXu0Zc8LNtYqrVeyoL3+esHRZ4SieE9fKQyyU09uONjnMEjrNBMqT0mbvmA==, tarball: https://registry.npmmirror.com/async-validator/-/async-validator-1.8.5.tgz}
    dependencies:
      babel-runtime: 6.26.0
    dev: false

  /babel-helper-vue-jsx-merge-props@2.0.3:
    resolution: {integrity: sha512-gsLiKK7Qrb7zYJNgiXKpXblxbV5ffSwR0f5whkPAaBAR4fhi6bwRZxX9wBlIc5M/v8CCkXUbXZL4N/nSE97cqg==, tarball: https://registry.npmmirror.com/babel-helper-vue-jsx-merge-props/-/babel-helper-vue-jsx-merge-props-2.0.3.tgz}
    dev: false

  /babel-runtime@6.26.0:
    resolution: {integrity: sha512-ITKNuq2wKlW1fJg9sSW52eepoYgZBggvOAHC0u/CYu/qxQ9EVzThCgR69BnSXLHjy2f7SY5zaQ4yt7H9ZVxY2g==, tarball: https://registry.npmmirror.com/babel-runtime/-/babel-runtime-6.26.0.tgz}
    dependencies:
      core-js: 2.6.12
      regenerator-runtime: 0.11.1
    dev: false

  /core-js@2.6.12:
    resolution: {integrity: sha512-Kb2wC0fvsWfQrgk8HU5lW6U/Lcs8+9aaYcy4ZFc6DDlo4nZ7n70dEgE5rtR0oG6ufKDUnrwfWL1mXR5ljDatrQ==, tarball: https://registry.npmmirror.com/core-js/-/core-js-2.6.12.tgz}
    deprecated: core-js@<3.23.3 is no longer maintained and not recommended for usage due to the number of issues. Because of the V8 engine whims, feature detection in old core-js versions could cause a slowdown up to 100x even if nothing is polyfilled. Some versions have web compatibility issues. Please, upgrade your dependencies to the actual version of core-js.
    requiresBuild: true
    dev: false

  /csstype@3.1.3:
    resolution: {integrity: sha512-M1uQkMl8rQK/szD0LNhtqxIPLpimGm8sOBwU7lLnCpSbTyY3yeU1Vc7l4KT5zT4s/yOxHH5O7tIuuLOCnLADRw==, tarball: https://registry.npmmirror.com/csstype/-/csstype-3.1.3.tgz}
    dev: false

  /deepmerge@1.5.2:
    resolution: {integrity: sha512-95k0GDqvBjZavkuvzx/YqVLv/6YYa17fz6ILMSf7neqQITCPbnfEnQvEgMPNjH4kgobe7+WIL0yJEHku+H3qtQ==, tarball: https://registry.npmmirror.com/deepmerge/-/deepmerge-1.5.2.tgz}
    engines: {node: '>=0.10.0'}
    dev: false

  /element-ui@2.15.14(vue@2.7.16):
    resolution: {integrity: sha512-2v9fHL0ZGINotOlRIAJD5YuVB8V7WKxrE9Qy7dXhRipa035+kF7WuU/z+tEmLVPBcJ0zt8mOu1DKpWcVzBK8IA==, tarball: https://registry.npmmirror.com/element-ui/-/element-ui-2.15.14.tgz}
    peerDependencies:
      vue: ^2.5.17
    dependencies:
      async-validator: 1.8.5
      babel-helper-vue-jsx-merge-props: 2.0.3
      deepmerge: 1.5.2
      normalize-wheel: 1.0.1
      resize-observer-polyfill: 1.5.1
      throttle-debounce: 1.1.0
      vue: 2.7.16
    dev: false

  /nanoid@3.3.7:
    resolution: {integrity: sha512-eSRppjcPIatRIMC1U6UngP8XFcz8MQWGQdt1MTBQ7NaAmvXDfvNxbvWV3x2y6CdEUciCSsDHDQZbhYaB8QEo2g==, tarball: https://registry.npmmirror.com/nanoid/-/nanoid-3.3.7.tgz}
    engines: {node: ^10 || ^12 || ^13.7 || ^14 || >=15.0.1}
    hasBin: true
    dev: false

  /normalize-wheel@1.0.1:
    resolution: {integrity: sha512-1OnlAPZ3zgrk8B91HyRj+eVv+kS5u+Z0SCsak6Xil/kmgEia50ga7zfkumayonZrImffAxPU/5WcyGhzetHNPA==, tarball: https://registry.npmmirror.com/normalize-wheel/-/normalize-wheel-1.0.1.tgz}
    dev: false

  /picocolors@1.0.0:
    resolution: {integrity: sha512-1fygroTLlHu66zi26VoTDv8yRgm0Fccecssto+MhsZ0D/DGW2sm8E8AjW7NU5VVTRt5GxbeZ5qBuJr+HyLYkjQ==, tarball: https://registry.npmmirror.com/picocolors/-/picocolors-1.0.0.tgz}
    dev: false

  /postcss@8.4.33:
    resolution: {integrity: sha512-Kkpbhhdjw2qQs2O2DGX+8m5OVqEcbB9HRBvuYM9pgrjEFUg30A9LmXNlTAUj4S9kgtGyrMbTzVjH7E+s5Re2yg==, tarball: https://registry.npmmirror.com/postcss/-/postcss-8.4.33.tgz}
    engines: {node: ^10 || ^12 || >=14}
    dependencies:
      nanoid: 3.3.7
      picocolors: 1.0.0
      source-map-js: 1.0.2
    dev: false

  /prettier@2.8.8:
    resolution: {integrity: sha512-tdN8qQGvNjw4CHbY+XXk0JgCXn9QiF21a55rBe5LJAU+kDyC4WQn4+awm2Xfk2lQMk5fKup9XgzTZtGkjBdP9Q==, tarball: https://registry.npmmirror.com/prettier/-/prettier-2.8.8.tgz}
    engines: {node: '>=10.13.0'}
    hasBin: true
    requiresBuild: true
    dev: false
    optional: true

  /regenerator-runtime@0.11.1:
    resolution: {integrity: sha512-MguG95oij0fC3QV3URf4V2SDYGJhJnJGqvIIgdECeODCT98wSWDAJ94SSuVpYQUoTcGUIL6L4yNB7j1DFFHSBg==, tarball: https://registry.npmmirror.com/regenerator-runtime/-/regenerator-runtime-0.11.1.tgz}
    dev: false

  /resize-observer-polyfill@1.5.1:
    resolution: {integrity: sha512-LwZrotdHOo12nQuZlHEmtuXdqGoOD0OhaxopaNFxWzInpEgaLWoVuAMbTzixuosCx2nEG58ngzW3vxdWoxIgdg==, tarball: https://registry.npmmirror.com/resize-observer-polyfill/-/resize-observer-polyfill-1.5.1.tgz}
    dev: false

  /source-map-js@1.0.2:
    resolution: {integrity: sha512-R0XvVJ9WusLiqTCEiGCmICCMplcCkIwwR11mOSD9CR5u+IXYdiseeEuXCVAjS54zqwkLcPNnmU4OeJ6tUrWhDw==, tarball: https://registry.npmmirror.com/source-map-js/-/source-map-js-1.0.2.tgz}
    engines: {node: '>=0.10.0'}
    dev: false

  /source-map@0.6.1:
    resolution: {integrity: sha512-UjgapumWlbMhkBgzT7Ykc5YXUT46F0iKu8SGXq0bcwP5dz/h0Plj6enJqjz1Zbq2l5WaqYnrVbwWOWMyF3F47g==, tarball: https://registry.npmmirror.com/source-map/-/source-map-0.6.1.tgz}
    engines: {node: '>=0.10.0'}
    dev: false

  /throttle-debounce@1.1.0:
    resolution: {integrity: sha512-XH8UiPCQcWNuk2LYePibW/4qL97+ZQ1AN3FNXwZRBNPPowo/NRU5fAlDCSNBJIYCKbioZfuYtMhG4quqoJhVzg==, tarball: https://registry.npmmirror.com/throttle-debounce/-/throttle-debounce-1.1.0.tgz}
    engines: {node: '>=4'}
    dev: false

  /to-fast-properties@2.0.0:
    resolution: {integrity: sha512-/OaKK0xYrs3DmxRYqL/yDc+FxFUVYhDlXMhRmv3z915w2HF1tnN1omB354j8VUGO/hbRzyD6Y3sA7v7GS/ceog==, tarball: https://registry.npmmirror.com/to-fast-properties/-/to-fast-properties-2.0.0.tgz}
    engines: {node: '>=4'}
    dev: false

  /vue@2.7.16:
    resolution: {integrity: sha512-4gCtFXaAA3zYZdTp5s4Hl2sozuySsgz4jy1EnpBHNfpMa9dK1ZCG7viqBPCwXtmgc8nHqUsAu3G4gtmXkkY3Sw==, tarball: https://registry.npmmirror.com/vue/-/vue-2.7.16.tgz}
    deprecated: Vue 2 has reached EOL and is no longer actively maintained. See https://v2.vuejs.org/eol/ for more details.
    dependencies:
      '@vue/compiler-sfc': 2.7.16
      csstype: 3.1.3
    dev: false
